{
  "name": "uret-control-plane",
  "version": "0.1.0",
  "lockfileVersion": 3,
  "requires": true,
  "packages": {
    "": {
      "name": "uret-control-plane",
      "version": "0.1.0",
      "dependencies": {
        "@notionhq/client": "^5.26.0"
      },
      "engines": {
        "node": ">=18"
      }
    },
    "node_modules/@notionhq/client": {
      "version": "5.26.0",
      "resolved": "https://registry.npmjs.org/@notionhq/client/-/client-5.26.0.tgz",
      "integrity": "sha512-Oc3438nQ5YmZkVO7YJG8fcTYl0V46CirdCvO33azZ9f7ZfD2rsHE4fUVANJiBB9Xf1sqpCs82nd8oKPxeXLmMg==",
      "license": "MIT",
      "engines": {
        "node": ">=18"
      }
    }
  }
}
